{
    "_meta": {
        "hash": {
            "sha256": "4f3e15033f4b60b241656532bc6191c9dde67b01bf2df7b578f1a50d8ad9bdc6"
        },
        "pipfile-spec": 6,
        "requires": {
            "python_version": "3.7"
        },
        "sources": [
            {
                "name": "pypi",
                "url": "https://pypi.python.org/simple",
                "verify_ssl": true
            }
        ]
    },
    "default": {
        "aiohttp": {
            "hashes": [
                "sha256:02f46fc0e3c5ac58b80d4d56eb0a7c7d97fcef69ace9326289fb9f1955e65cfe",
                "sha256:0563c1b3826945eecd62186f3f5c7d31abb7391fedc893b7e2b26303b5a9f3fe",
                "sha256:114b281e4d68302a324dd33abb04778e8557d88947875cbf4e842c2c01a030c5",
                "sha256:14762875b22d0055f05d12abc7f7d61d5fd4fe4642ce1a249abdf8c700bf1fd8",
                "sha256:15492a6368d985b76a2a5fdd2166cddfea5d24e69eefed4630cbaae5c81d89bd",
                "sha256:17c073de315745a1510393a96e680d20af8e67e324f70b42accbd4cb3315c9fb",
                "sha256:209b4a8ee987eccc91e2bd3ac36adee0e53a5970b8ac52c273f7f8fd4872c94c",
                "sha256:230a8f7e24298dea47659251abc0fd8b3c4e38a664c59d4b89cca7f6c09c9e87",
                "sha256:2e19413bf84934d651344783c9f5e22dee452e251cfd220ebadbed2d9931dbf0",
                "sha256:393f389841e8f2dfc86f774ad22f00923fdee66d238af89b70ea314c4aefd290",
                "sha256:3cf75f7cdc2397ed4442594b935a11ed5569961333d49b7539ea741be2cc79d5",
                "sha256:3d78619672183be860b96ed96f533046ec97ca067fd46ac1f6a09cd9b7484287",
                "sha256:40eced07f07a9e60e825554a31f923e8d3997cfc7fb31dbc1328c70826e04cde",
                "sha256:493d3299ebe5f5a7c66b9819eacdcfbbaaf1a8e84911ddffcdc48888497afecf",
                "sha256:4b302b45040890cea949ad092479e01ba25911a15e648429c7c5aae9650c67a8",
                "sha256:515dfef7f869a0feb2afee66b957cc7bbe9ad0cdee45aec7fdc623f4ecd4fb16",
                "sha256:547da6cacac20666422d4882cfcd51298d45f7ccb60a04ec27424d2f36ba3eaf",
                "sha256:5df68496d19f849921f05f14f31bd6ef53ad4b00245da3195048c69934521809",
                "sha256:64322071e046020e8797117b3658b9c2f80e3267daec409b350b6a7a05041213",
                "sha256:7615dab56bb07bff74bc865307aeb89a8bfd9941d2ef9d817b9436da3a0ea54f",
                "sha256:79ebfc238612123a713a457d92afb4096e2148be17df6c50fb9bf7a81c2f8013",
                "sha256:7b18b97cf8ee5452fa5f4e3af95d01d84d86d32c5e2bfa260cf041749d66360b",
                "sha256:932bb1ea39a54e9ea27fc9232163059a0b8855256f4052e776357ad9add6f1c9",
                "sha256:a00bb73540af068ca7390e636c01cbc4f644961896fa9363154ff43fd37af2f5",
                "sha256:a5ca29ee66f8343ed336816c553e82d6cade48a3ad702b9ffa6125d187e2dedb",
                "sha256:af9aa9ef5ba1fd5b8c948bb11f44891968ab30356d65fd0cc6707d989cd521df",
                "sha256:bb437315738aa441251214dad17428cafda9cdc9729499f1d6001748e1d432f4",
                "sha256:bdb230b4943891321e06fc7def63c7aace16095be7d9cf3b1e01be2f10fba439",
                "sha256:c6e9dcb4cb338d91a73f178d866d051efe7c62a7166653a91e7d9fb18274058f",
                "sha256:cffe3ab27871bc3ea47df5d8f7013945712c46a3cc5a95b6bee15887f1675c22",
                "sha256:d012ad7911653a906425d8473a1465caa9f8dea7fcf07b6d870397b774ea7c0f",
                "sha256:d9e13b33afd39ddeb377eff2c1c4f00544e191e1d1dee5b6c51ddee8ea6f0cf5",
                "sha256:e4b2b334e68b18ac9817d828ba44d8fcb391f6acb398bcc5062b14b2cbeac970",
                "sha256:e54962802d4b8b18b6207d4a927032826af39395a3bd9196a5af43fc4e60b009",
                "sha256:f705e12750171c0ab4ef2a3c76b9a4024a62c4103e3a55dd6f99265b9bc6fcfc",
                "sha256:f881853d2643a29e643609da57b96d5f9c9b93f62429dcc1cbb413c7d07f0e1a",
                "sha256:fe60131d21b31fd1a14bd43e6bb88256f69dfc3188b3a89d736d6c71ed43ec95"
            ],
            "markers": "python_version >= '3.6'",
            "version": "==3.7.4.post0"
        },
        "async-timeout": {
            "hashes": [
                "sha256:0c3c816a028d47f659d6ff5c745cb2acf1f966da1fe5c19c77a70282b25f4c5f",
                "sha256:4291ca197d287d274d0b6cb5d6f8f8f82d434ed288f962539ff18cc9012f9ea3"
            ],
            "markers": "python_full_version >= '3.5.3'",
            "version": "==3.0.1"
        },
        "attrdict": {
            "hashes": [
                "sha256:35c90698b55c683946091177177a9e9c0713a0860f0e049febd72649ccd77b70",
                "sha256:9432e3498c74ff7e1b20b3d93b45d766b71cbffa90923496f82c4ae38b92be34"
            ],
            "version": "==2.0.1"
        },
        "attrs": {
            "hashes": [
                "sha256:29adc2665447e5191d0e7c568fde78b21f9672d344281d0c6e1ab085429b22b6",
                "sha256:86efa402f67bf2df34f51a335487cf46b1ec130d02b8d39fd248abfd30da551c"
            ],
            "markers": "python_version >= '3.5'",
            "version": "==22.1.0"
        },
        "botometer": {
            "hashes": [
                "sha256:2f2dffb7f1042a4464693dece0aa7be725b63c8e27f3d5fa6d222e2073f77e48"
            ],
            "index": "pypi",
            "version": "==1.3"
        },
        "certifi": {
            "hashes": [
                "sha256:35824b4c3a97115964b408844d64aa14db1cc518f6562e8d7261699d1350a9e3",
                "sha256:4ad3232f5e926d6718ec31cfc1fcadfde020920e278684144551c91769c7bc18"
            ],
            "index": "pypi",
            "version": "==2022.12.7"
        },
        "chardet": {
            "hashes": [
                "sha256:0d6f53a15db4120f2b08c94f11e7d93d2c911ee118b6b30a04ec3ee8310179fa",
                "sha256:f864054d66fd9118f2e67044ac8981a54775ec5b67aed0441892edb553d21da5"
            ],
            "markers": "python_version >= '2.7' and python_version not in '3.0, 3.1, 3.2, 3.3, 3.4'",
            "version": "==4.0.0"
        },
        "charset-normalizer": {
            "hashes": [
                "sha256:5a3d016c7c547f69d6f81fb0db9449ce888b418b5b9952cc5e6e66843e9dd845",
                "sha256:83e9a75d1911279afd89352c68b45348559d1fc0506b054b346651b5e7fee29f"
            ],
            "markers": "python_version >= '3.6'",
            "version": "==2.1.1"
        },
        "cytoolz": {
            "hashes": [
                "sha256:02583c9fd4668f9e343ad4fc0e0f9651b1a0c16fe92bd208d07fd07de90fdc99",
                "sha256:02dc4565a8d27c9f3e87b715c0a300890e17c94ba1294af61c4ba97aa8482b22",
                "sha256:09f5652caeac85e3735bd5aaed49ebf4eeb7c0f15cb9b7c4a5fb6f45308dc2fd",
                "sha256:09fac69cebcb79a6ed75565fe2de9511be6e3d93f30dad115832cc1a3933b6ce",
                "sha256:0c9fe89548b1dc7c8b3160758d192791b32bd42b1c244a20809a1053a9d74428",
                "sha256:0f94b4a3500345de5853d1896b7e770ce4a6577a431f43ff7d8f05f9051aeb7d",
                "sha256:12d3d11ceb0fce8be5463f1e363366888c4b71e68fb2f5d536e4790b933cfd7e",
                "sha256:16748ea2b40c5978190d9acf9aa8fbacbfb440964c1035dc16cb14dbd557edb5",
                "sha256:1744217505b835fcf55d82d67addd0d361791c4fd6a2f485f034b343ffc7edb3",
                "sha256:1a79658fd264c5f82ea1b5cb45cf3899afabd9ec3e58c333bea042a2b4a94134",
                "sha256:1c22255e7458feb6f43d99c9578396e91d5934757c552128f6afd3b093b41c00",
                "sha256:1cf9ae77eed57924becd3ab65ae24487d7b1f9823d3e685d796e58f57424f82a",
                "sha256:21986f4a970c03ca84806b3a08e89386ac4aeb54c9b79d6a7268e83225331a87",
                "sha256:231d87ffb5fc468989e35336a2f8da1c9b8d97cfd9300cf2df32e953e4d20cae",
                "sha256:25c037a7b4f49730ccc295a03cd2217ba67ff43ac0918299f5f368271433ff0f",
                "sha256:274bc965cd93d6fa0bfe6f770cf6549bbe58d7b0a48dd6893d3f2c4b495d7f95",
                "sha256:2bd1c692ab706acb46cfebe7105945b07f7274598097e32c8979d3b22ae62cc6",
                "sha256:2d29cf7a44a8abaeb00537e3bad7abf823fce194fe707c366f81020d384e22f7",
                "sha256:2ee9ca2cfc939607926096c7cc6f298cee125f8ca53a4f46745f8dfbb7fb7ab1",
                "sha256:336551092eb1cfc2ad5878cc08ef290f744843f84c1dda06f9e4a84d2c440b73",
                "sha256:337c9a3ce2929c6361bcc1b304ce81ed675078a34c203dbb7c3e154f7ed1cca8",
                "sha256:38e3386f63ebaea46a4ee0bfefc9a38590c3b78ab86439766b5225443468a76b",
                "sha256:3a5408a74df84e84aa1c86a2f9f2ffaed51a55f34bbad5b8fae547cb9167e977",
                "sha256:3e8335998e21205574fc7d8d17844a9cc0dd4cbb25bb7716d90683a935d2c879",
                "sha256:46b9f4af719b113c01a4144c52fc4b929f98a47017a5408e3910050f4641126b",
                "sha256:4b8b1d9764d08782caa8ba0e91d76b95b973a82f4ce2a3f9c7e726bfeaddbdfa",
                "sha256:59263f296e043d4210dd34f91e6f11c4b20e6195976da23170d5ad056030258a",
                "sha256:5b7079b3197256ac6bf73f8b9484d514fac68a36d05513b9e5247354d6fc2885",
                "sha256:68336dfbe00efebbb1d02b8aa00b570dceec5d03fbd818c620aa246a8f5e5409",
                "sha256:69c04ae878d5bcde5462e7290f950bfce11fd139ec4b481687983326658e6dbe",
                "sha256:6aade6ebb4507330b0540af58dc2804415945611e90c70bb97360973e487c48a",
                "sha256:6f87472837c26b3bc91f9767c7adcfb935d0c097937c6744250672cd8c36019d",
                "sha256:6fa49cfaa0eedad59d8357a482bd10e2cc2a12ad9f41aae53427e82d3eba068a",
                "sha256:7244fb0d0b87499becc29051b82925e0daf3838e6c352e6b2d62e0f969b090af",
                "sha256:798dff7a40adbb3dfa2d50499c2038779061ebc37eccedaf28fa296cb517b84e",
                "sha256:79b46cda959f026bd9fc33b4046294b32bd5e7664a4cf607179f80ac93844e7f",
                "sha256:7fe93ffde090e2867f8ce4369d0c1abf5651817a74a3d0a4da2b1ffd412603ff",
                "sha256:8060be3b1fa24a4e3b165ce3c0ee6048f5e181289af57dbd9e3c4d4b8545dd78",
                "sha256:8237612fed78d4580e94141a74ac0977f5a9614dd7fa8f3d2fcb30e6d04e73aa",
                "sha256:886b3bf8fa99510836107097a5e5a2bd81631d3795dedc5684e25bef6538ac39",
                "sha256:8c0101bb2b2bcc0de2e2eb288a132c261e5fa883b1423799b47d4f0cfd879cd6",
                "sha256:8f40897f6f341e03a945759fcdb2208dc7c64dc312386d3088c47b78fca2a3b2",
                "sha256:94b067c88de0eaca174211c8422b3f72cbfb63b101a0eeb528c4f21282ca0afe",
                "sha256:9ac7758c5c5a66664285831261a9af8e0af504026e0987cd01535045945df6e1",
                "sha256:9dd7dbdfc24ed309af96be170c9030f43713950afab2b4bed1d372a91b37cbb0",
                "sha256:9e32292721f16516a574891a1af6760cba37a0f426a2b2cea6f9d560131a76ea",
                "sha256:9ecdd6e2be8d59b76c2bd3e2d832e7b3d5b2535c418b13cfa85e3b17de985199",
                "sha256:a15157f4280f6e5d7c2d0892847a6c4dffbd2c5cefccaf1ac1f1c6c3d2cf9936",
                "sha256:a2cca43caea857e761cc458ffb4f7af397a13824c5e71341ca08035ff5ff0b27",
                "sha256:a4acf6cb20f01a5eb5b6d459e08fb92aacfb4de8bc97e25437c1a3e71860b452",
                "sha256:a8e69c9f3a32e0f9331cf6707a0f159c6dec0ff2a9f41507f6b2d06cd423f0d0",
                "sha256:a8feb4d056c22983723278160aff8a28c507b0e942768f4e856539a60e7bb874",
                "sha256:ae403cac13c2b9a2a92e56468ca1f822899b64d75d5be8ca802f1c14870d9133",
                "sha256:ae7f417bb2b4e3906e525b3dbe944791dfa9248faea719c7a9c200aa1a019a4e",
                "sha256:b05dc257996c0accf6f877b1f212f74dc134b39c46baac09e1894d9d9c970b6a",
                "sha256:b716f66b5ee72dbf9a001316ffe72afe0bb8f6ce84e341aec64291c0ff16b9f4",
                "sha256:bb0fc2ed8efa89f31ffa99246b1d434ff3db2b7b7e35147486172da849c8024a",
                "sha256:c105b05f85e03fbcd60244375968e62e44fe798c15a3531c922d531018d22412",
                "sha256:c4ff74cb0e1a50de7f59e54a156dfd734b6593008f6f804d0726a73b89d170cd",
                "sha256:c818a382b828e960fbbedbc85663414edbbba816c2bf8c1bb5651305d79bdb97",
                "sha256:c9f8c9b3cfa20b4ce6a89b7e2e7ffda76bdd81e95b7d20bbb2c47c2b31e72622",
                "sha256:cb072fa81caab93a5892c4b69dfe0d48f52026a7fe83ba2567020a7995a456e7",
                "sha256:d035805dcdefcdfe64d97d6e1e7603798588d5e1ae08e61a5dae3258c3cb407a",
                "sha256:d212296e996a70db8d9e1c0622bc8aefa732eb0416b5441624d0fd5b853ea391",
                "sha256:d511dd49eb1263ccb4e5f84ae1478dc2824d66b813cdf700e1ba593faa256ade",
                "sha256:d61bc1713662e7d9aa3e298dad790dfd027c5c0f1342c36be8401aebe3d3d453",
                "sha256:db619f17705067f1f112d3e84a0904b2f04117e50cefc4016f435ff0dc59bc4e",
                "sha256:dc8df9adfca0da9956589f53764d459389ce86d824663c7217422232f1dfbc9d",
                "sha256:dd840adfe027d379e7aede973bc0e193e6eef9b33d46d1d42826e26db9b37d7e",
                "sha256:deb8550f487de756f1c24c56fa2c8451a53c0346868c13899c6b3a39b1f3d2c3",
                "sha256:e17516a102731bcf86446ce148127a8cd2887cf27ac388990cd63881115b4fdc",
                "sha256:ed8771e36430fb0e4398030569bdab1419e4e74f7bcd51ea57239aa95441983a",
                "sha256:edf460dc6bed081f274cd3d8ae162dd7e382014161d65edcdec832035d93901b",
                "sha256:ee1fe1a3d0c8c456c3fbf62f28d178f870d14302fcd1edbc240b717ae3ab08de",
                "sha256:ee92dadb312e657b9b666a0385fafc6dad073d8a0fbef5cea09e21011554206a",
                "sha256:ef4a496a3175aec595ae24ad03e0bb2fe76401f8f79e7ef3d344533ba990ec0e",
                "sha256:f1f5c1ef04240b323b9e6b87d4b1d7f14b735e284a33b18a509537a10f62715c",
                "sha256:f24e70d29223cde8ce3f5aefa7fd06bda12ae4386dcfbc726773e95b099cde0d",
                "sha256:f26079bc2d0b7aa1a185516ac9f7cda0d7932da6c60589bfed4079e3a5369e83",
                "sha256:f5784adcdb285e70b61efc1a369cd61c6b7f1e0b5d521651f93cde09549681f5",
                "sha256:f71b49a41826a8e7fd464d6991134a6d022a666be4e76d517850abbea561c909",
                "sha256:f909760f89a54d860cf960b4cd828f9f6301fb104cd0de5b15b16822c9c4828b",
                "sha256:f959c1319b7e6ed3367b0f5a54a7b9c59063bd053c74278b27999db013e568df",
                "sha256:fa5ded9f811c36668239adb4806fca1244b06add4d64af31119c279aab1ef8a6"
            ],
            "markers": "implementation_name == 'cpython'",
            "version": "==0.12.0"
        },
        "discord": {
            "hashes": [
                "sha256:9d4debb4a37845543bd4b92cb195bc53a302797333e768e70344222857ff1559",
                "sha256:ff6653655e342e7721dfb3f10421345fd852c2a33f2cca912b1c39b3778a9429"
            ],
            "index": "pypi",
            "version": "==1.0.1"
        },
        "discord.py": {
            "hashes": [
                "sha256:462cd0fe307aef8b29cbfa8dd613e548ae4b2cb581d46da9ac0d46fb6ea19408",
                "sha256:c6f64db136de0e18e090f6752ea68bdd4ab0a61b82dfe7acecefa22d6477bb0c"
            ],
            "markers": "python_full_version >= '3.5.3'",
            "version": "==1.7.3"
        },
        "eth-abi": {
            "hashes": [
                "sha256:04e64f739c6f6cb6aded3e7c8924cc49ffbb088ac53ad1786765747853f167b1",
                "sha256:2a898568fd85b8f162b89890695f7e08d7a53dec70ecdb6bea20c544241d8621"
            ],
            "version": "==1.3.0"
        },
        "eth-account": {
            "hashes": [
                "sha256:3b5b1735db5736c9bb59786256edb0e18ea912f0a3d835611abb0266aa71c0d1",
                "sha256:63d782e7d0db455d13b5d6f18df790895072fde49ed00f1c176ae11dfa87251b"
            ],
            "version": "==0.3.0"
        },
        "eth-hash": {
            "extras": [
                "pycryptodome"
            ],
            "hashes": [
                "sha256:4d992e885f3ae3901abbe98bd776ba62d0f6335f98c6e9fc60a39b9d114dfb5a",
                "sha256:9805075f653e114a31a99678e93b257fb4082337696f4eff7b4371fe65158409"
            ],
            "markers": "python_version >= '3.7' and python_version < '4'",
            "version": "==0.5.1"
        },
        "eth-keyfile": {
            "hashes": [
                "sha256:70d734af17efdf929a90bb95375f43522be4ed80c3b9e0a8bca575fb11cd1159",
                "sha256:939540efb503380bc30d926833e6a12b22c6750de80feef3720d79e5a79de47d"
            ],
            "version": "==0.5.1"
        },
        "eth-keys": {
            "hashes": [
                "sha256:d1cdcd6b2118edf5dcd112ba6efc4b187b028c5c7d6af6ca04d90b7af94a1c58",
                "sha256:e15a0140852552ec3eb07e9731e23d390aea4bae892022279af42ce32e9c2620"
            ],
            "version": "==0.2.4"
        },
        "eth-rlp": {
            "hashes": [
                "sha256:cc389ef8d7b6f76a98f90bcdbff1b8684b3a78f53d47e871191b50d4d6aee5a1",
                "sha256:f016f980b0ed42ee7650ba6e4e4d3c4e9aa06d8b9c6825a36d3afe5aa0187a8b"
            ],
            "markers": "python_version >= '3.6' and python_version < '4'",
            "version": "==0.2.1"
        },
        "eth-typing": {
            "hashes": [
                "sha256:39cce97f401f082739b19258dfa3355101c64390914c73fe2b90012f443e0dc7",
                "sha256:b7fa58635c1cb0cbf538b2f5f1e66139575ea4853eac1d6000f0961a4b277422"
            ],
            "markers": "python_version >= '3.5' and python_version < '4'",
            "version": "==2.3.0"
        },
        "eth-utils": {
            "hashes": [
                "sha256:11597842b0148c39d2638ad55897f9243479a8369be713b238b0684f8750215e",
                "sha256:ac168aaa241fa0665e758b04009259d1b2b35daa0615fc563aad29f9ffc64d56"
            ],
            "markers": "python_version >= '3.5' and python_version < '4' and python_full_version != '3.5.2'",
            "version": "==1.9.5"
        },
        "hexbytes": {
            "hashes": [
                "sha256:21c3a5bd00a383097f0369c387174e79839d75c4ccc3a7edda315c9644f4458a",
                "sha256:afeebfb800f5f15a3ca5bab52e49eabcb4b6dac06ec8ff01a94fdb890c6c0712"
            ],
            "markers": "python_version >= '3.7' and python_version < '4'",
            "version": "==0.3.0"
        },
        "idna": {
            "hashes": [
                "sha256:814f528e8dead7d329833b91c5faa87d60bf71824cd12a7530b5526063d02cb4",
                "sha256:90b77e79eaa3eba6de819a0c442c0b4ceefc341a7a2ab77d7562bf49f425c5c2"
            ],
            "markers": "python_version >= '3.5'",
            "version": "==3.4"
        },
        "lru-dict": {
            "hashes": [
                "sha256:075b9dd46d7022b675419bc6e3631748ae184bc8af195d20365a98b4f3bb2914",
                "sha256:0972d669e9e207617e06416166718b073a49bf449abbd23940d9545c0847a4d9",
                "sha256:0f83cd70a6d32f9018d471be609f3af73058f700691657db4a3d3dd78d3f96dd",
                "sha256:10fe823ff90b655f0b6ba124e2b576ecda8c61b8ead76b456db67831942d22f2",
                "sha256:163079dbda54c3e6422b23da39fb3ecc561035d65e8496ff1950cbdb376018e1",
                "sha256:1fe16ade5fd0a57e9a335f69b8055aaa6fb278fbfa250458e4f6b8255115578f",
                "sha256:262a4e622010ceb960a6a5222ed011090e50954d45070fd369c0fa4d2ed7d9a9",
                "sha256:2f340b61f3cdfee71f66da7dbfd9a5ea2db6974502ccff2065cdb76619840dca",
                "sha256:348167f110494cfafae70c066470a6f4e4d43523933edf16ccdb8947f3b5fae0",
                "sha256:3b1692755fef288b67af5cd8a973eb331d1f44cb02cbdc13660040809c2bfec6",
                "sha256:3ca497cb25f19f24171f9172805f3ff135b911aeb91960bd4af8e230421ccb51",
                "sha256:3d003a864899c29b0379e412709a6e516cbd6a72ee10b09d0b33226343617412",
                "sha256:3fef595c4f573141d54a38bda9221b9ee3cbe0acc73d67304a1a6d5972eb2a02",
                "sha256:484ac524e4615f06dc72ffbfd83f26e073c9ec256de5413634fbd024c010a8bc",
                "sha256:55aeda6b6789b2d030066b4f5f6fc3596560ba2a69028f35f3682a795701b5b1",
                "sha256:5a592363c93d6fc6472d5affe2819e1c7590746aecb464774a4f67e09fbefdfc",
                "sha256:5b09dbe47bc4b4d45ffe56067aff190bc3c0049575da6e52127e114236e0a6a7",
                "sha256:6e2a7aa9e36626fb48fdc341c7e3685a31a7b50ea4918677ea436271ad0d904d",
                "sha256:70364e3cbef536adab8762b4835e18f5ca8e3fddd8bd0ec9258c42bbebd0ee77",
                "sha256:720f5728e537f11a311e8b720793a224e985d20e6b7c3d34a891a391865af1a2",
                "sha256:7284bdbc5579bbdc3fc8f869ed4c169f403835566ab0f84567cdbfdd05241847",
                "sha256:7be1b66926277993cecdc174c15a20c8ce785c1f8b39aa560714a513eef06473",
                "sha256:86d32a4498b74a75340497890a260d37bf1560ad2683969393032977dd36b088",
                "sha256:878bc8ef4073e5cfb953dfc1cf4585db41e8b814c0106abde34d00ee0d0b3115",
                "sha256:881104711900af45967c2e5ce3e62291dd57d5b2a224d58b7c9f60bf4ad41b8c",
                "sha256:8c50ab9edaa5da5838426816a2b7bcde9d576b4fc50e6a8c062073dbc4969d78",
                "sha256:8f6561f9cd5a452cb84905c6a87aa944fdfdc0f41cc057d03b71f9b29b2cc4bd",
                "sha256:93336911544ebc0e466272043adab9fb9f6e9dcba6024b639c32553a3790e089",
                "sha256:9447214e4857e16d14158794ef01e4501d8fad07d298d03308d9f90512df02fa",
                "sha256:97c24ffc55de6013075979f440acd174e88819f30387074639fb7d7178ca253e",
                "sha256:99f6cfb3e28490357a0805b409caf693e46c61f8dbb789c51355adb693c568d3",
                "sha256:9be6c4039ef328676b868acea619cd100e3de1a35b3be211cf0eaf9775563b65",
                "sha256:9d70257246b8207e8ef3d8b18457089f5ff0dfb087bd36eb33bce6584f2e0b3a",
                "sha256:a777d48319d293b1b6a933d606c0e4899690a139b4c81173451913bbcab6f44f",
                "sha256:add762163f4af7f4173fafa4092eb7c7f023cf139ef6d2015cfea867e1440d82",
                "sha256:b6f64005ede008b7a866be8f3f6274dbf74e656e15e4004e9d99ad65efb01809",
                "sha256:beb089c46bd95243d1ac5b2bd13627317b08bf40dd8dc16d4b7ee7ecb3cf65ca",
                "sha256:c07163c9dcbb2eca377f366b1331f46302fd8b6b72ab4d603087feca00044bb0",
                "sha256:c2fe692332c2f1d81fd27457db4b35143801475bfc2e57173a2403588dd82a42",
                "sha256:ca8f89361e0e7aad0bf93ae03a31502e96280faeb7fb92267f4998fb230d36b2",
                "sha256:d2ed4151445c3f30423c2698f72197d64b27b1cd61d8d56702ffe235584e47c2",
                "sha256:db20597c4e67b4095b376ce2e83930c560f4ce481e8d05737885307ed02ba7c1",
                "sha256:de972c7f4bc7b6002acff2a8de984c55fbd7f2289dba659cfd90f7a0f5d8f5d1",
                "sha256:f1df1da204a9f0b5eb8393a46070f1d984fa8559435ee790d7f8f5602038fc00",
                "sha256:f4d0a6d733a23865019b1c97ed6fb1fdb739be923192abf4dbb644f697a26a69",
                "sha256:f874e9c2209dada1a080545331aa1277ec060a13f61684a8642788bf44b2325f",
                "sha256:f877f53249c3e49bbd7612f9083127290bede6c7d6501513567ab1bf9c581381",
                "sha256:f9d5815c0e85922cd0fb8344ca8b1c7cf020bf9fc45e670d34d51932c91fd7ec"
            ],
            "version": "==1.1.8"
        },
        "multidict": {
            "hashes": [
                "sha256:018c8e3be7f161a12b3e41741b6721f9baeb2210f4ab25a6359b7d76c1017dce",
                "sha256:01b456046a05ff7cceefb0e1d2a9d32f05efcb1c7e0d152446304e11557639ce",
                "sha256:114a4ab3e5cfbc56c4b6697686ecb92376c7e8c56893ef20547921552f8bdf57",
                "sha256:12e0d396faa6dc55ff5379eee54d1df3b508243ff15bfc8295a6ec7a4483a335",
                "sha256:190626ced82d4cc567a09e7346340d380154a493bac6905e0095d8158cdf1e38",
                "sha256:1f5d5129a937af4e3c4a1d6c139f4051b7d17d43276cefdd8d442a7031f7eef2",
                "sha256:21e1ce0b187c4e93112304dcde2aa18922fdbe8fb4f13d8aa72a5657bce0563a",
                "sha256:24e8d513bfcaadc1f8b0ebece3ff50961951c54b07d5a775008a882966102418",
                "sha256:2523a29006c034687eccd3ee70093a697129a3ffe8732535d3b2df6a4ecc279d",
                "sha256:26fbbe17f8a7211b623502d2bf41022a51da3025142401417c765bf9a56fed4c",
                "sha256:2b66d61966b12e6bba500e5cbb2c721a35e119c30ee02495c5629bd0e91eea30",
                "sha256:2cf5d19e12eff855aa198259c0b02fd3f5d07e1291fbd20279c37b3b0e6c9852",
                "sha256:2cfda34b7cb99eacada2072e0f69c0ad3285cb6f8e480b11f2b6d6c1c6f92718",
                "sha256:3541882266247c7cd3dba78d6ef28dbe704774df60c9e4231edaa4493522e614",
                "sha256:36df958b15639e40472adaa4f0c2c7828fe680f894a6b48c4ce229f59a6a798b",
                "sha256:38d394814b39be1c36ac709006d39d50d72a884f9551acd9c8cc1ffae3fc8c4e",
                "sha256:4159fc1ec9ede8ab93382e0d6ba9b1b3d23c72da39a834db7a116986605c7ab4",
                "sha256:445c0851a1cbc1f2ec3b40bc22f9c4a235edb3c9a0906122a9df6ea8d51f886c",
                "sha256:47defc0218682281a52fb1f6346ebb8b68b17538163a89ea24dfe4da37a8a9a3",
                "sha256:4cc5c8cd205a9810d16a5cd428cd81bac554ad1477cb87f4ad722b10992e794d",
                "sha256:4ccf55f28066b4f08666764a957c2b7c241c7547b0921d69c7ceab5f74fe1a45",
                "sha256:4fb3fe591956d8841882c463f934c9f7485cfd5f763a08c0d467b513dc18ef89",
                "sha256:526f8397fc124674b8f39748680a0ff673bd6a715fecb4866716d36e380f015f",
                "sha256:578bfcb16f4b8675ef71b960c00f174b0426e0eeb796bab6737389d8288eb827",
                "sha256:5b51969503709415a35754954c2763f536a70b8bf7360322b2edb0c0a44391f6",
                "sha256:5e58ec0375803526d395f6f7e730ecc45d06e15f68f7b9cdbf644a2918324e51",
                "sha256:62db44727d0befea68e8ad2881bb87a9cfb6b87d45dd78609009627167f37b69",
                "sha256:67090b17a0a5be5704fd109f231ee73cefb1b3802d41288d6378b5df46ae89ba",
                "sha256:6cd14e61f0da2a2cfb9fe05bfced2a1ed7063ce46a7a8cd473be4973de9a7f91",
                "sha256:70740c2bc9ab1c99f7cdcb104f27d16c63860c56d51c5bf0ef82fc1d892a2131",
                "sha256:73009ea04205966d47e16d98686ac5c438af23a1bb30b48a2c5da3423ec9ce37",
                "sha256:791458a1f7d1b4ab3bd9e93e0dcd1d59ef7ee9aa051dcd1ea030e62e49b923fd",
                "sha256:7f9511e48bde6b995825e8d35e434fc96296cf07a25f4aae24ff9162be7eaa46",
                "sha256:81c3d597591b0940e04949e4e4f79359b2d2e542a686ba0da5e25de33fec13e0",
                "sha256:8230a39bae6c2e8a09e4da6bace5064693b00590a4a213e38f9a9366da10e7dd",
                "sha256:8b92a9f3ab904397a33b193000dc4de7318ea175c4c460a1e154c415f9008e3d",
                "sha256:94cbe5535ef150546b8321aebea22862a3284da51e7b55f6f95b7d73e96d90ee",
                "sha256:960ce1b790952916e682093788696ef7e33ac6a97482f9b983abdc293091b531",
                "sha256:99341ca1f1db9e7f47914cb2461305665a662383765ced6f843712564766956d",
                "sha256:9aac6881454a750554ed4b280a839dcf9e2133a9d12ab4d417d673fb102289b7",
                "sha256:9d359b0a962e052b713647ac1f13eabf2263167b149ed1e27d5c579f5c8c7d2c",
                "sha256:9dbab2a7e9c073bc9538824a01f5ed689194db7f55f2b8102766873e906a6c1a",
                "sha256:a27b029caa3b555a4f3da54bc1e718eb55fcf1a11fda8bf0132147b476cf4c08",
                "sha256:a8b817d4ed68fd568ec5e45dd75ddf30cc72a47a6b41b74d5bb211374c296f5e",
                "sha256:ad7d66422b9cc51125509229693d27e18c08f2dea3ac9de408d821932b1b3759",
                "sha256:b46e79a9f4db53897d17bc64a39d1c7c2be3e3d4f8dba6d6730a2b13ddf0f986",
                "sha256:baa96a3418e27d723064854143b2f414a422c84cc87285a71558722049bebc5a",
                "sha256:beeca903e4270b4afcd114f371a9602240dc143f9e944edfea00f8d4ad56c40d",
                "sha256:c2a1168e5aa7c72499fb03c850e0f03f624fa4a5c8d2e215c518d0a73872eb64",
                "sha256:c5790cc603456b6dcf8a9a4765f666895a6afddc88b3d3ba7b53dea2b6e23116",
                "sha256:cb4a08f0aaaa869f189ffea0e17b86ad0237b51116d494da15ef7991ee6ad2d7",
                "sha256:cd5771e8ea325f85cbb361ddbdeb9ae424a68e5dfb6eea786afdcd22e68a7d5d",
                "sha256:ce8e51774eb03844588d3c279adb94efcd0edeccd2f97516623292445bcc01f9",
                "sha256:d09daf5c6ce7fc6ed444c9339bbde5ea84e2534d1ca1cd37b60f365c77f00dea",
                "sha256:d0e798b072cf2aab9daceb43d97c9c527a0c7593e67a7846ad4cc6051de1e303",
                "sha256:d325d61cac602976a5d47b19eaa7d04e3daf4efce2164c630219885087234102",
                "sha256:d408172519049e36fb6d29672f060dc8461fc7174eba9883c7026041ef9bfb38",
                "sha256:d52442e7c951e4c9ee591d6047706e66923d248d83958bbf99b8b19515fffaef",
                "sha256:dc4cfef5d899f5f1a15f3d2ac49f71107a01a5a2745b4dd53fa0cede1419385a",
                "sha256:df7b4cee3ff31b3335aba602f8d70dbc641e5b7164b1e9565570c9d3c536a438",
                "sha256:e068dfeadbce63072b2d8096486713d04db4946aad0a0f849bd4fc300799d0d3",
                "sha256:e07c24018986fb00d6e7eafca8fcd6e05095649e17fcf0e33a592caaa62a78b9",
                "sha256:e0bce9f7c30e7e3a9e683f670314c0144e8d34be6b7019e40604763bd278d84f",
                "sha256:e1925f78a543b94c3d46274c66a366fee8a263747060220ed0188e5f3eeea1c0",
                "sha256:e322c94596054352f5a02771eec71563c018b15699b961aba14d6dd943367022",
                "sha256:e4a095e18847c12ec20e55326ab8782d9c2d599400a3a2f174fab4796875d0e2",
                "sha256:e5a811aab1b4aea0b4be669363c19847a8c547510f0e18fb632956369fdbdf67",
                "sha256:eddf604a3de2ace3d9a4e4d491be7562a1ac095a0a1c95a9ec5781ef0273ef11",
                "sha256:ee9b1cae9a6c5d023e5a150f6f6b9dbb3c3bbc7887d6ee07d4c0ecb49a473734",
                "sha256:f1650ea41c408755da5eed52ac6ccbc8938ccc3e698d81e6f6a1be02ff2a0945",
                "sha256:f2c0957b3e8c66c10d27272709a5299ab3670a0f187c9428f3b90d267119aedb",
                "sha256:f76109387e1ec8d8e2137c94c437b89fe002f29e0881aae8ae45529bdff92000",
                "sha256:f8a728511c977df6f3d8af388fcb157e49f11db4a6637dd60131b8b6e40b0253",
                "sha256:fb6c3dc3d65014d2c782f5acf0b3ba14e639c6c33d3ed8932ead76b9080b3544"
            ],
            "markers": "python_version >= '3.7'",
            "version": "==6.0.3"
        },
        "oauthlib": {
            "hashes": [
                "sha256:8139f29aac13e25d502680e9e19963e83f16838d48a0d71c287fe40e7067fbca",
                "sha256:9859c40929662bec5d64f34d01c99e093149682a3f38915dc0655d5a633dd918"
            ],
            "markers": "python_version >= '3.6'",
            "version": "==3.2.2"
        },
        "parsimonious": {
            "hashes": [
                "sha256:3add338892d580e0cb3b1a39e4a1b427ff9f687858fdd61097053742391a9f6b"
            ],
            "version": "==0.8.1"
        },
        "pycryptodome": {
            "hashes": [
                "sha256:0198fe96c22f7bc31e7a7c27a26b2cec5af3cf6075d577295f4850856c77af32",
                "sha256:0e45d2d852a66ecfb904f090c3f87dc0dfb89a499570abad8590f10d9cffb350",
                "sha256:1047ac2b9847ae84ea454e6e20db7dcb755a81c1b1631a879213d2b0ad835ff2",
                "sha256:13b3e610a2f8938c61a90b20625069ab7a77ccea20d65a9a0f926cc0cc1314b1",
                "sha256:1fc16c80a5da8231fd1f953a7b8dfeb415f68120248e8d68383c5c2c4b18708c",
                "sha256:265bfcbbf20d58e6871ce695a7a08aac9b41a0553060d9c05363abd6f3391bdd",
                "sha256:2bf2a270906a02b7b255e1a0d7b3aea4f06b3983c51ddec1673c380e0dff5b30",
                "sha256:47c71a0347847b747ba1349767b16cde049bc36f21654eb09cc82306ef5fdcf8",
                "sha256:48d99869d58f3979d72f6fa0c50f48d16f14973bc4a3adb0ce3b8325fdd7e223",
                "sha256:4d950ed2a887905b3fa709b86be5a163e26e1b174703ed59d34eb6832f213222",
                "sha256:54d807314c66785c69cd25425933d4bd4c23547a593cdcf49d962fa3e0081336",
                "sha256:58172080cbfaee724067a3c017add6a1a3cc167bbc8478dc5f2e5f45fa658763",
                "sha256:5df582f2112dd72331de7e567837e136a9629181a8ab69ef8949e4bc294a0b99",
                "sha256:6016269bb56caf0327f6d42e7bad1247e08b78407446dff562240c65f85d5a5e",
                "sha256:63165fbdc247450017eb9ef04cfe15cb3a72ca48ffcc3a3b75b08c0340bf3647",
                "sha256:69adf32522b75968e1cbf25b5d83e87c04cd9a55610ce1e4a19012e58e7e4023",
                "sha256:856ebf822d08d754af62c22e2b93626509a72773214f92db1551e2b68d9e2a1b",
                "sha256:95069fd9e2813668a2713a1efcc65cc26d2c7e741401ac46628f1ec957511f1b",
                "sha256:b12a88566a98617b1a34b4e5a805dff2da98d83fc74262aff3c3d724d0f525d6",
                "sha256:c69e19afc734b2a17b9d78b7bcb544aabd5a52ff628e14283b6e9404d27d0517",
                "sha256:c82e3bc1e70dde153b0956bffe20a15715a1fe3e00bc23e88d6973eda4505944",
                "sha256:d1daec4d31bb00918e4e178297ac6ca6f86ec4c851ba584770533ece554d29e2",
                "sha256:d67a2d2fe344953e4572a7d30668cceb516b04287b8638170d562065e53ee2e0",
                "sha256:dab9359cc295160ba96738ba4912c675181c84bfdf413e5c0621cf00b7deeeaa",
                "sha256:e061311b02cefb17ea93d4a5eb1ad36dca4792037078b43e15a653a0a4478ead",
                "sha256:e750a21d8a265b1f9bfb1a28822995ea33511ba7db5e2b55f41fb30781d0d073"
            ],
            "version": "==3.16.0"
        },
        "pysocks": {
            "hashes": [
                "sha256:08e69f092cc6dbe92a0fdd16eeb9b9ffbc13cadfe5ca4c7bd92ffb078b293299",
                "sha256:2725bd0a9925919b9b51739eea5f9e2bae91e83288108a9ad338b2e3a4435ee5",
                "sha256:3f8804571ebe159c380ac6de37643bb4685970655d3bba243530d6558b799aa0"
            ],
            "markers": "python_version >= '2.7' and python_version not in '3.0, 3.1, 3.2, 3.3'",
            "version": "==1.7.1"
        },
        "python-dotenv": {
            "hashes": [
                "sha256:debd928b49dbc2bf68040566f55cdb3252458036464806f4094487244e2a4093",
                "sha256:f157d71d5fec9d4bd5f51c82746b6344dffa680ee85217c123f4a0c8117c4544"
            ],
            "index": "pypi",
            "version": "==0.10.3"
        },
        "requests": {
            "hashes": [
                "sha256:7c5599b102feddaa661c826c56ab4fee28bfd17f5abca1ebbe3e7f19d7c97983",
                "sha256:8fefa2a1a1365bf5520aac41836fbee479da67864514bdb821f31ce07ce65349"
            ],
            "markers": "python_version >= '3.7' and python_version < '4'",
            "version": "==2.28.1"
        },
        "requests-oauthlib": {
            "hashes": [
                "sha256:2577c501a2fb8d05a304c09d090d6e47c306fef15809d102b327cf8364bddab5",
                "sha256:75beac4a47881eeb94d5ea5d6ad31ef88856affe2332b9aafb52c6452ccf0d7a"
            ],
            "markers": "python_version >= '2.7' and python_version not in '3.0, 3.1, 3.2, 3.3'",
            "version": "==1.3.1"
        },
        "rlp": {
            "hashes": [
                "sha256:52a57c9f53f03c88b189283734b397314288250cc4a3c4113e9e36e2ac6bdd16",
                "sha256:665e8312750b3fc5f7002e656d05b9dcb6e93b6063df40d95c49ad90c19d1f0e"
            ],
            "version": "==2.0.1"
        },
        "six": {
            "hashes": [
                "sha256:1e61c37477a1626458e36f7b1d82aa5c9b094fa4802892072e49de9c60c4c926",
                "sha256:8abb2f1d86890a2dfb989f9a77cfcfd3e47c2a354b01111771326f8aa26e0254"
            ],
            "markers": "python_version >= '2.7' and python_version not in '3.0, 3.1, 3.2, 3.3'",
            "version": "==1.16.0"
        },
        "toolz": {
            "hashes": [
                "sha256:2059bd4148deb1884bb0eb770a3cde70e7f954cfbbdc2285f1f2de01fd21eb6f",
                "sha256:88c570861c440ee3f2f6037c4654613228ff40c93a6c25e0eba70d17282c6194"
            ],
            "markers": "python_version >= '3.5'",
            "version": "==0.12.0"
        },
        "tweepy": {
            "hashes": [
                "sha256:de56db37181e6ba2a375a7a81845ee6b2aee0e39a7bc8fb96a60c0370062f0a2",
                "sha256:fe85a79f58a01dd335968523b91c5fce760e7fe78bf25a6e71c72204fe499d0b"
            ],
            "index": "pypi",
            "version": "==3.7.0"
        },
        "typing-extensions": {
            "hashes": [
                "sha256:1511434bb92bf8dd198c12b1cc812e800d4181cfcb867674e0f8279cc93087aa",
                "sha256:16fa4864408f655d35ec496218b85f79b3437c829e93320c7c9215ccfd92489e"
            ],
            "markers": "python_version >= '3.7'",
            "version": "==4.4.0"
        },
        "urllib3": {
            "hashes": [
                "sha256:47cc05d99aaa09c9e72ed5809b60e7ba354e64b59c9c173ac3018642d8bb41fc",
                "sha256:c083dd0dce68dbfbe1129d5271cb90f9447dea7d52097c6e0126120c521ddea8"
            ],
            "markers": "python_version >= '2.7' and python_version not in '3.0, 3.1, 3.2, 3.3, 3.4, 3.5'",
            "version": "==1.26.13"
        },
        "web3": {
            "hashes": [
                "sha256:1800c42c3492a6ebc72f9ad4d6dadfad5ac952564a3f0e1ec05d308a3d52aac7",
                "sha256:27058c6e07f7a3153d1355f7e7406c46c8cc0d5c7b6fdcea84f6f3c9cf7c4364"
            ],
            "index": "pypi",
            "version": "==4.9.2"
        },
        "websockets": {
            "hashes": [
                "sha256:0e2f7d6567838369af074f0ef4d0b802d19fa1fee135d864acc656ceefa33136",
                "sha256:2a16dac282b2fdae75178d0ed3d5b9bc3258dabfae50196cbb30578d84b6f6a6",
                "sha256:5a1fa6072405648cb5b3688e9ed3b94be683ce4a4e5723e6f5d34859dee495c1",
                "sha256:5c1f55a1274df9d6a37553fef8cff2958515438c58920897675c9bc70f5a0538",
                "sha256:669d1e46f165e0ad152ed8197f7edead22854a6c90419f544e0f234cc9dac6c4",
                "sha256:695e34c4dbea18d09ab2c258994a8bf6a09564e762655408241f6a14592d2908",
                "sha256:6b2e03d69afa8d20253455e67b64de1a82ff8612db105113cccec35d3f8429f0",
                "sha256:79ca7cdda7ad4e3663ea3c43bfa8637fc5d5604c7737f19a8964781abbd1148d",
                "sha256:7fd2dd9a856f72e6ed06f82facfce01d119b88457cd4b47b7ae501e8e11eba9c",
                "sha256:82c0354ac39379d836719a77ee360ef865377aa6fdead87909d50248d0f05f4d",
                "sha256:8f3b956d11c5b301206382726210dc1d3bee1a9ccf7aadf895aaf31f71c3716c",
                "sha256:91ec98640220ae05b34b79ee88abf27f97ef7c61cf525eec57ea8fcea9f7dddb",
                "sha256:952be9540d83dba815569d5cb5f31708801e0bbfc3a8c5aef1890b57ed7e58bf",
                "sha256:99ac266af38ba1b1fe13975aea01ac0e14bb5f3a3200d2c69f05385768b8568e",
                "sha256:9fa122e7adb24232247f8a89f2d9070bf64b7869daf93ac5e19546b409e47e96",
                "sha256:a0873eadc4b8ca93e2e848d490809e0123eea154aa44ecd0109c4d0171869584",
                "sha256:cb998bd4d93af46b8b49ecf5a72c0a98e5cc6d57fdca6527ba78ad89d6606484",
                "sha256:e02e57346f6a68523e3c43bbdf35dde5c440318d1f827208ae455f6a2ace446d",
                "sha256:e79a5a896bcee7fff24a788d72e5c69f13e61369d055f28113e71945a7eb1559",
                "sha256:ee55eb6bcf23ecc975e6b47c127c201b913598f38b6a300075f84eeef2d3baff",
                "sha256:f1414e6cbcea8d22843e7eafdfdfae3dd1aba41d1945f6ca66e4806c07c4f454"
            ],
            "markers": "python_version >= '3.4'",
            "version": "==6.0"
        },
        "yarl": {
            "hashes": [
                "sha256:009a028127e0a1755c38b03244c0bea9d5565630db9c4cf9572496e947137a87",
                "sha256:0414fd91ce0b763d4eadb4456795b307a71524dbacd015c657bb2a39db2eab89",
                "sha256:0978f29222e649c351b173da2b9b4665ad1feb8d1daa9d971eb90df08702668a",
                "sha256:0ef8fb25e52663a1c85d608f6dd72e19bd390e2ecaf29c17fb08f730226e3a08",
                "sha256:10b08293cda921157f1e7c2790999d903b3fd28cd5c208cf8826b3b508026996",
                "sha256:1684a9bd9077e922300ecd48003ddae7a7474e0412bea38d4631443a91d61077",
                "sha256:1b372aad2b5f81db66ee7ec085cbad72c4da660d994e8e590c997e9b01e44901",
                "sha256:1e21fb44e1eff06dd6ef971d4bdc611807d6bd3691223d9c01a18cec3677939e",
                "sha256:2305517e332a862ef75be8fad3606ea10108662bc6fe08509d5ca99503ac2aee",
                "sha256:24ad1d10c9db1953291f56b5fe76203977f1ed05f82d09ec97acb623a7976574",
                "sha256:272b4f1599f1b621bf2aabe4e5b54f39a933971f4e7c9aa311d6d7dc06965165",
                "sha256:2a1fca9588f360036242f379bfea2b8b44cae2721859b1c56d033adfd5893634",
                "sha256:2b4fa2606adf392051d990c3b3877d768771adc3faf2e117b9de7eb977741229",
                "sha256:3150078118f62371375e1e69b13b48288e44f6691c1069340081c3fd12c94d5b",
                "sha256:326dd1d3caf910cd26a26ccbfb84c03b608ba32499b5d6eeb09252c920bcbe4f",
                "sha256:34c09b43bd538bf6c4b891ecce94b6fa4f1f10663a8d4ca589a079a5018f6ed7",
                "sha256:388a45dc77198b2460eac0aca1efd6a7c09e976ee768b0d5109173e521a19daf",
                "sha256:3adeef150d528ded2a8e734ebf9ae2e658f4c49bf413f5f157a470e17a4a2e89",
                "sha256:3edac5d74bb3209c418805bda77f973117836e1de7c000e9755e572c1f7850d0",
                "sha256:3f6b4aca43b602ba0f1459de647af954769919c4714706be36af670a5f44c9c1",
                "sha256:3fc056e35fa6fba63248d93ff6e672c096f95f7836938241ebc8260e062832fe",
                "sha256:418857f837347e8aaef682679f41e36c24250097f9e2f315d39bae3a99a34cbf",
                "sha256:42430ff511571940d51e75cf42f1e4dbdded477e71c1b7a17f4da76c1da8ea76",
                "sha256:44ceac0450e648de86da8e42674f9b7077d763ea80c8ceb9d1c3e41f0f0a9951",
                "sha256:47d49ac96156f0928f002e2424299b2c91d9db73e08c4cd6742923a086f1c863",
                "sha256:48dd18adcf98ea9cd721a25313aef49d70d413a999d7d89df44f469edfb38a06",
                "sha256:49d43402c6e3013ad0978602bf6bf5328535c48d192304b91b97a3c6790b1562",
                "sha256:4d04acba75c72e6eb90745447d69f84e6c9056390f7a9724605ca9c56b4afcc6",
                "sha256:57a7c87927a468e5a1dc60c17caf9597161d66457a34273ab1760219953f7f4c",
                "sha256:58a3c13d1c3005dbbac5c9f0d3210b60220a65a999b1833aa46bd6677c69b08e",
                "sha256:5df5e3d04101c1e5c3b1d69710b0574171cc02fddc4b23d1b2813e75f35a30b1",
                "sha256:63243b21c6e28ec2375f932a10ce7eda65139b5b854c0f6b82ed945ba526bff3",
                "sha256:64dd68a92cab699a233641f5929a40f02a4ede8c009068ca8aa1fe87b8c20ae3",
                "sha256:6604711362f2dbf7160df21c416f81fac0de6dbcf0b5445a2ef25478ecc4c778",
                "sha256:6c4fcfa71e2c6a3cb568cf81aadc12768b9995323186a10827beccf5fa23d4f8",
                "sha256:6d88056a04860a98341a0cf53e950e3ac9f4e51d1b6f61a53b0609df342cc8b2",
                "sha256:705227dccbe96ab02c7cb2c43e1228e2826e7ead880bb19ec94ef279e9555b5b",
                "sha256:728be34f70a190566d20aa13dc1f01dc44b6aa74580e10a3fb159691bc76909d",
                "sha256:74dece2bfc60f0f70907c34b857ee98f2c6dd0f75185db133770cd67300d505f",
                "sha256:75c16b2a900b3536dfc7014905a128a2bea8fb01f9ee26d2d7d8db0a08e7cb2c",
                "sha256:77e913b846a6b9c5f767b14dc1e759e5aff05502fe73079f6f4176359d832581",
                "sha256:7a66c506ec67eb3159eea5096acd05f5e788ceec7b96087d30c7d2865a243918",
                "sha256:8c46d3d89902c393a1d1e243ac847e0442d0196bbd81aecc94fcebbc2fd5857c",
                "sha256:93202666046d9edadfe9f2e7bf5e0782ea0d497b6d63da322e541665d65a044e",
                "sha256:97209cc91189b48e7cfe777237c04af8e7cc51eb369004e061809bcdf4e55220",
                "sha256:a48f4f7fea9a51098b02209d90297ac324241bf37ff6be6d2b0149ab2bd51b37",
                "sha256:a783cd344113cb88c5ff7ca32f1f16532a6f2142185147822187913eb989f739",
                "sha256:ae0eec05ab49e91a78700761777f284c2df119376e391db42c38ab46fd662b77",
                "sha256:ae4d7ff1049f36accde9e1ef7301912a751e5bae0a9d142459646114c70ecba6",
                "sha256:b05df9ea7496df11b710081bd90ecc3a3db6adb4fee36f6a411e7bc91a18aa42",
                "sha256:baf211dcad448a87a0d9047dc8282d7de59473ade7d7fdf22150b1d23859f946",
                "sha256:bb81f753c815f6b8e2ddd2eef3c855cf7da193b82396ac013c661aaa6cc6b0a5",
                "sha256:bcd7bb1e5c45274af9a1dd7494d3c52b2be5e6bd8d7e49c612705fd45420b12d",
                "sha256:bf071f797aec5b96abfc735ab97da9fd8f8768b43ce2abd85356a3127909d146",
                "sha256:c15163b6125db87c8f53c98baa5e785782078fbd2dbeaa04c6141935eb6dab7a",
                "sha256:cb6d48d80a41f68de41212f3dfd1a9d9898d7841c8f7ce6696cf2fd9cb57ef83",
                "sha256:ceff9722e0df2e0a9e8a79c610842004fa54e5b309fe6d218e47cd52f791d7ef",
                "sha256:cfa2bbca929aa742b5084fd4663dd4b87c191c844326fcb21c3afd2d11497f80",
                "sha256:d617c241c8c3ad5c4e78a08429fa49e4b04bedfc507b34b4d8dceb83b4af3588",
                "sha256:d881d152ae0007809c2c02e22aa534e702f12071e6b285e90945aa3c376463c5",
                "sha256:da65c3f263729e47351261351b8679c6429151ef9649bba08ef2528ff2c423b2",
                "sha256:de986979bbd87272fe557e0a8fcb66fd40ae2ddfe28a8b1ce4eae22681728fef",
                "sha256:df60a94d332158b444301c7f569659c926168e4d4aad2cfbf4bce0e8fb8be826",
                "sha256:dfef7350ee369197106805e193d420b75467b6cceac646ea5ed3049fcc950a05",
                "sha256:e59399dda559688461762800d7fb34d9e8a6a7444fd76ec33220a926c8be1516",
                "sha256:e6f3515aafe0209dd17fb9bdd3b4e892963370b3de781f53e1746a521fb39fc0",
                "sha256:e7fd20d6576c10306dea2d6a5765f46f0ac5d6f53436217913e952d19237efc4",
                "sha256:ebb78745273e51b9832ef90c0898501006670d6e059f2cdb0e999494eb1450c2",
                "sha256:efff27bd8cbe1f9bd127e7894942ccc20c857aa8b5a0327874f30201e5ce83d0",
                "sha256:f37db05c6051eff17bc832914fe46869f8849de5b92dc4a3466cd63095d23dfd",
                "sha256:f8ca8ad414c85bbc50f49c0a106f951613dfa5f948ab69c10ce9b128d368baf8",
                "sha256:fb742dcdd5eec9f26b61224c23baea46c9055cf16f62475e11b9b15dfd5c117b",
                "sha256:fc77086ce244453e074e445104f0ecb27530d6fd3a46698e33f6c38951d5a0f1",
                "sha256:ff205b58dc2929191f68162633d5e10e8044398d7a45265f90a0f1d51f85f72c"
            ],
            "markers": "python_version >= '3.7'",
            "version": "==1.8.2"
        }
    },
    "develop": {}
}
